
Microsoft Visual Studio Solution File, Format Version 12.00
# Visual Studio Version 17
VisualStudioVersion = 17.9.34728.123
MinimumVisualStudioVersion = 10.0.40219.1
Project("{FAE04EC0-301F-11D3-BF4B-00C04F79EFBC}") = "Website", "Website\Website.csproj", "{1A7CA210-5584-4831-A633-BB4A34D7A871}"
EndProject
Global
	GlobalSection(SolutionConfigurationPlatforms) = preSolution
		Debug|Any CPU = Debug|Any CPU
		Release|Any CPU = Release|Any CPU
	EndGlobalSection
	GlobalSection(ProjectConfigurationPlatforms) = postSolution
		{1A7CA210-5584-4831-A633-BB4A34D7A871}.Debug|Any CPU.ActiveCfg = Debug|Any CPU
		{1A7CA210-5584-4831-A633-BB4A34D7A871}.Debug|Any CPU.Build.0 = Debug|Any CPU
		{1A7CA210-5584-4831-A633-BB4A34D7A871}.Release|Any CPU.ActiveCfg = Release|Any CPU
		{1A7CA210-5584-4831-A633-BB4A34D7A871}.Release|Any CPU.Build.0 = Release|Any CPU
	EndGlobalSection
	GlobalSection(SolutionProperties) = preSolution
		HideSolutionNode = FALSE
	EndGlobalSection
	GlobalSection(ExtensibilityGlobals) = postSolution
		SolutionGuid = {73F41E48-7916-4509-A499-C30701D5B819}
	EndGlobalSection
EndGlobal
